{
  "lockfileVersion": 1,
  "workspaces": {
    "": {
      "name": "weather.widget",
      "dependencies": {
        "lodash.isstring": "^4.0.1",
      },
    },
  },
  "packages": {
    "lodash.isstring": ["lodash.isstring@4.0.1", "", {}, "sha512-0wJxfxH1wgO3GrbuP+dTTk7op+6L41QCXbGINEmD+ny/G/eCqGzxyCsh7159S+mgDDcoarnBw6PC1PS5+wUGgw=="],
  }
}
